// !$*UTF8*$!
{
	archiveVersion = 1;
	classes = {
	};
	objectVersion = 46;
	objects = {

/* Begin PBXBuildFile section */
		BA1ED0151E3DB40400C3DE05 /* AppDelegate.swift in Sources */ = {isa = PBXBuildFile; fileRef = BA1ED0141E3DB40400C3DE05 /* AppDelegate.swift */; };
		BA1ED0181E3DB40400C3DE05 /* Blog_Reader.xcdatamodeld in Sources */ = {isa = PBXBuildFile; fileRef = BA1ED0161E3DB40400C3DE05 /* Blog_Reader.xcdatamodeld */; };
		BA1ED01A1E3DB40400C3DE05 /* MasterViewController.swift in Sources */ = {isa = PBXBuildFile; fileRef = BA1ED0191E3DB40400C3DE05 /* MasterViewController.swift */; };
		BA1ED01C1E3DB40400C3DE05 /* DetailViewController.swift in Sources */ = {isa = PBXBuildFile; fileRef = BA1ED01B1E3DB40400C3DE05 /* DetailViewController.swift */; };
		BA1ED01F1E3DB40400C3DE05 /* Main.storyboard in Resources */ = {isa = PBXBuildFile; fileRef = BA1ED01D1E3DB40400C3DE05 /* Main.storyboard */; };
		BA1ED0211E3DB40400C3DE05 /* Assets.xcassets in Resources */ = {isa = PBXBuildFile; fileRef = BA1ED0201E3DB40400C3DE05 /* Assets.xcassets */; };
		BA1ED0241E3DB40400C3DE05 /* LaunchScreen.storyboard in Resources */ = {isa = PBXBuildFile; fileRef = BA1ED0221E3DB40400C3DE05 /* LaunchScreen.storyboard */; };
/* End PBXBuildFile section */

/* Begin PBXFileReference section */
		BA1ED0111E3DB40400C3DE05 /* Blog_Reader.app */ = {isa = PBXFileReference; explicitFileType = wrapper.application; includeInIndex = 0; path = Blog_Reader.app; sourceTree = BUILT_PRODUCTS_DIR; };
		BA1ED0141E3DB40400C3DE05 /* AppDelegate.swift */ = {isa = PBXFileReference; lastKnownFileType = sourcecode.swift; path = AppDelegate.swift; sourceTree = "<group>"; };
		BA1ED0171E3DB40400C3DE05 /* Blog_Reader.xcdatamodel */ = {isa = PBXFileReference; lastKnownFileType = wrapper.xcdatamodel; path = Blog_Reader.xcdatamodel; sourceTree = "<group>"; };
		BA1ED0191E3DB40400C3DE05 /* MasterViewController.swift */ = {isa = PBXFileReference; lastKnownFileType = sourcecode.swift; path = MasterViewController.swift; sourceTree = "<group>"; };
		BA1ED01B1E3DB40400C3DE05 /* DetailViewController.swift */ = {isa = PBXFileReference; lastKnownFileType = sourcecode.swift; path = DetailViewController.swift; sourceTree = "<group>"; };
		BA1ED01E1E3DB40400C3DE05 /* Base */ = {isa = PBXFileReference; lastKnownFileType = file.storyboard; name = Base; path = Base.lproj/Main.storyboard; sourceTree = "<group>"; };
		BA1ED0201E3DB40400C3DE05 /* Assets.xcassets */ = {isa = PBXFileReference; lastKnownFileType = folder.assetcatalog; path = Assets.xcassets; sourceTree = "<group>"; };
		BA1ED0231E3DB40400C3DE05 /* Base */ = {isa = PBXFileReference; lastKnownFileType = file.storyboard; name = Base; path = Base.lproj/LaunchScreen.storyboard; sourceTree = "<group>"; };
		BA1ED0251E3DB40500C3DE05 /* Info.plist */ = {isa = PBXFileReference; lastKnownFileType = text.plist.xml; path = Info.plist; sourceTree = "<group>"; };
/* End PBXFileReference section */

/* Begin PBXFrameworksBuildPhase section */
		BA1ED00E1E3DB40400C3DE05 /* Frameworks */ = {
			isa = PBXFrameworksBuildPhase;
			buildActionMask = 2147483647;
			files = (
			);
			runOnlyForDeploymentPostprocessing = 0;
		};
/* End PBXFrameworksBuildPhase section */

/* Begin PBXGroup section */
		BA1ED0081E3DB40400C3DE05 = {
			isa = PBXGroup;
			children = (
				BA1ED0131E3DB40400C3DE05 /* Blog_Reader */,
				BA1ED0121E3DB40400C3DE05 /* Products */,
			);
			sourceTree = "<group>";
		};
		BA1ED0121E3DB40400C3DE05 /* Products */ = {
			isa = PBXGroup;
			children = (
				BA1ED0111E3DB40400C3DE05 /* Blog_Reader.app */,
			);
			name = Products;
			sourceTree = "<group>";
		};
		BA1ED0131E3DB40400C3DE05 /* Blog_Reader */ = {
			isa = PBXGroup;
			children = (
				BA1ED0141E3DB40400C3DE05 /* AppDelegate.swift */,
				BA1ED0191E3DB40400C3DE05 /* MasterViewController.swift */,
				BA1ED01B1E3DB40400C3DE05 /* DetailViewController.swift */,
				BA1ED01D1E3DB40400C3DE05 /* Main.storyboard */,
				BA1ED0201E3DB40400C3DE05 /* Assets.xcassets */,
				BA1ED0221E3DB40400C3DE05 /* LaunchScreen.storyboard */,
				BA1ED0251E3DB40500C3DE05 /* Info.plist */,
				BA1ED0161E3DB40400C3DE05 /* Blog_Reader.xcdatamodeld */,
			);
			path = Blog_Reader;
			sourceTree = "<group>";
		};
/* End PBXGroup section */

/* Begin PBXNativeTarget section */
		BA1ED0101E3DB40400C3DE05 /* Blog_Reader */ = {
			isa = PBXNativeTarget;
			buildConfigurationList = BA1ED0281E3DB40500C3DE05 /* Build configuration list for PBXNativeTarget "Blog_Reader" */;
			buildPhases = (
				BA1ED00D1E3DB40400C3DE05 /* Sources */,
				BA1ED00E1E3DB40400C3DE05 /* Frameworks */,
				BA1ED00F1E3DB40400C3DE05 /* Resources */,
			);
			buildRules = (
			);
			dependencies = (
			);
			name = Blog_Reader;
			productName = Blog_Reader;
			productReference = BA1ED0111E3DB40400C3DE05 /* Blog_Reader.app */;
			productType = "com.apple.product-type.application";
		};
/* End PBXNativeTarget section */

/* Begin PBXProject section */
		BA1ED0091E3DB40400C3DE05 /* Project object */ = {
			isa = PBXProject;
			attributes = {
				LastSwiftUpdateCheck = 0820;
				LastUpgradeCheck = 0820;
				ORGANIZATIONNAME = kalikans;
				TargetAttributes = {
					BA1ED0101E3DB40400C3DE05 = {
						CreatedOnToolsVersion = 8.2.1;
						ProvisioningStyle = Automatic;
					};
				};
			};
			buildConfigurationList = BA1ED00C1E3DB40400C3DE05 /* Build configuration list for PBXProject "Blog_Reader" */;
			compatibilityVersion = "Xcode 3.2";
			developmentRegion = English;
			hasScannedForEncodings = 0;
			knownRegions = (
				en,
				Base,
			);
			mainGroup = BA1ED0081E3DB40400C3DE05;
			productRefGroup = BA1ED0121E3DB40400C3DE05 /* Products */;
			projectDirPath = "";
			projectRoot = "";
			targets = (
				BA1ED0101E3DB40400C3DE05 /* Blog_Reader */,
			);
		};
/* End PBXProject section */

/* Begin PBXResourcesBuildPhase section */
		BA1ED00F1E3DB40400C3DE05 /* Resources */ = {
			isa = PBXResourcesBuildPhase;
			buildActionMask = 2147483647;
			files = (
				BA1ED0241E3DB40400C3DE05 /* LaunchScreen.storyboard in Resources */,
				BA1ED0211E3DB40400C3DE05 /* Assets.xcassets in Resources */,
				BA1ED01F1E3DB40400C3DE05 /* Main.storyboard in Resources */,
			);
			runOnlyForDeploymentPostprocessing = 0;
		};
/* End PBXResourcesBuildPhase section */

/* Begin PBXSourcesBuildPhase section */
		BA1ED00D1E3DB40400C3DE05 /* Sources */ = {
			isa = PBXSourcesBuildPhase;
			buildActionMask = 2147483647;
			files = (
				BA1ED0181E3DB40400C3DE05 /* Blog_Reader.xcdatamodeld in Sources */,
				BA1ED0151E3DB40400C3DE05 /* AppDelegate.swift in Sources */,
				BA1ED01A1E3DB40400C3DE05 /* MasterViewController.swift in Sources */,
				BA1ED01C1E3DB40400C3DE05 /* DetailViewController.swift in Sources */,
			);
			runOnlyForDeploymentPostprocessing = 0;
		};
/* End PBXSourcesBuildPhase section */

/* Begin PBXVariantGroup section */
		BA1ED01D1E3DB40400C3DE05 /* Main.storyboard */ = {
			isa = PBXVariantGroup;
			children = (
				BA1ED01E1E3DB40400C3DE05 /* Base */,
			);
			name = Main.storyboard;
			sourceTree = "<group>";
		};
		BA1ED0221E3DB40400C3DE05 /* LaunchScreen.storyboard */ = {
			isa = PBXVariantGroup;
			children = (
				BA1ED0231E3DB40400C3DE05 /* Base */,
			);
			name = LaunchScreen.storyboard;
			sourceTree = "<group>";
		};
/* End PBXVariantGroup section */

/* Begin XCBuildConfiguration section */
		BA1ED0261E3DB40500C3DE05 /* Debug */ = {
			isa = XCBuildConfiguration;
			buildSettings = {
				ALWAYS_SEARCH_USER_PATHS = NO;
				CLANG_ANALYZER_NONNULL = YES;
				CLANG_CXX_LANGUAGE_STANDARD = "gnu++0x";
				CLANG_CXX_LIBRARY = "libc++";
				CLANG_ENABLE_MODULES = YES;
				CLANG_ENABLE_OBJC_ARC = YES;
				CLANG_WARN_BOOL_CONVERSION = YES;
				CLANG_WARN_CONSTANT_CONVERSION = YES;
				CLANG_WARN_DIRECT_OBJC_ISA_USAGE = YES_ERROR;
				CLANG_WARN_DOCUMENTATION_COMMENTS = YES;
				CLANG_WARN_EMPTY_BODY = YES;
				CLANG_WARN_ENUM_CONVERSION = YES;
				CLANG_WARN_INFINITE_RECURSION = YES;
				CLANG_WARN_INT_CONVERSION = YES;
				CLANG_WARN_OBJC_ROOT_CLASS = YES_ERROR;
				CLANG_WARN_SUSPICIOUS_MOVE = YES;
				CLANG_WARN_UNREACHABLE_CODE = YES;
				CLANG_WARN__DUPLICATE_METHOD_MATCH = YES;
				"CODE_SIGN_IDENTITY[sdk=iphoneos*]" = "iPhone Developer";
				COPY_PHASE_STRIP = NO;
				DEBUG_INFORMATION_FORMAT = dwarf;
				ENABLE_STRICT_OBJC_MSGSEND = YES;
				ENABLE_TESTABILITY = YES;
				GCC_C_LANGUAGE_STANDARD = gnu99;
				GCC_DYNAMIC_NO_PIC = NO;
				GCC_NO_COMMON_BLOCKS = YES;
				GCC_OPTIMIZATION_LEVEL = 0;
				GCC_PREPROCESSOR_DEFINITIONS = (
					"DEBUG=1",
					"$(inherited)",
				);
				GCC_WARN_64_TO_32_BIT_CONVERSION = YES;
				GCC_WARN_ABOUT_RETURN_TYPE = YES_ERROR;
				GCC_WARN_UNDECLARED_SELECTOR = YES;
				GCC_WARN_UNINITIALIZED_AUTOS = YES_AGGRESSIVE;
				GCC_WARN_UNUSED_FUNCTION = YES;
				GCC_WARN_UNUSED_VARIABLE = YES;
				IPHONEOS_DEPLOYMENT_TARGET = 10.2;
				MTL_ENABLE_DEBUG_INFO = YES;
				ONLY_ACTIVE_ARCH = YES;
				SDKROOT = iphoneos;
				SWIFT_ACTIVE_COMPILATION_CONDITIONS = DEBUG;
				SWIFT_OPTIMIZATION_LEVEL = "-Onone";
				TARGETED_DEVICE_FAMILY = "1,2";
			};
			name = Debug;
		};
		BA1ED0271E3DB40500C3DE05 /* Release */ = {
			isa = XCBuildConfiguration;
			buildSettings = {
				ALWAYS_SEARCH_USER_PATHS = NO;
				CLANG_ANALYZER_NONNULL = YES;
				CLANG_CXX_LANGUAGE_STANDARD = "gnu++0x";
				CLANG_CXX_LIBRARY = "libc++";
				CLANG_ENABLE_MODULES = YES;
				CLANG_ENABLE_OBJC_ARC = YES;
				CLANG_WARN_BOOL_CONVERSION = YES;
				CLANG_WARN_CONSTANT_CONVERSION = YES;
				CLANG_WARN_DIRECT_OBJC_ISA_USAGE = YES_ERROR;
				CLANG_WARN_DOCUMENTATION_COMMENTS = YES;
				CLANG_WARN_EMPTY_BODY = YES;
				CLANG_WARN_ENUM_CONVERSION = YES;
				CLANG_WARN_INFINITE_RECURSION = YES;
				CLANG_WARN_INT_CONVERSION = YES;
				CLANG_WARN_OBJC_ROOT_CLASS = YES_ERROR;
				CLANG_WARN_SUSPICIOUS_MOVE = YES;
				CLANG_WARN_UNREACHABLE_CODE = YES;
				CLANG_WARN__DUPLICATE_METHOD_MATCH = YES;
				"CODE_SIGN_IDENTITY[sdk=iphoneos*]" = "iPhone Developer";
				COPY_PHASE_STRIP = NO;
				DEBUG_INFORMATION_FORMAT = "dwarf-with-dsym";
				ENABLE_NS_ASSERTIONS = NO;
				ENABLE_STRICT_OBJC_MSGSEND = YES;
				GCC_C_LANGUAGE_STANDARD = gnu99;
				GCC_NO_COMMON_BLOCKS = YES;
				GCC_WARN_64_TO_32_BIT_CONVERSION = YES;
				GCC_WARN_ABOUT_RETURN_TYPE = YES_ERROR;
				GCC_WARN_UNDECLARED_SELECTOR = YES;
				GCC_WARN_UNINITIALIZED_AUTOS = YES_AGGRESSIVE;
				GCC_WARN_UNUSED_FUNCTION = YES;
				GCC_WARN_UNUSED_VARIABLE = YES;
				IPHONEOS_DEPLOYMENT_TARGET = 10.2;
				MTL_ENABLE_DEBUG_INFO = NO;
				SDKROOT = iphoneos;
				SWIFT_OPTIMIZATION_LEVEL = "-Owholemodule";
				TARGETED_DEVICE_FAMILY = "1,2";
				VALIDATE_PRODUCT = YES;
			};
			name = Release;
		};
		BA1ED0291E3DB40500C3DE05 /* Debug */ = {
			isa = XCBuildConfiguration;
			buildSettings = {
				ASSETCATALOG_COMPILER_APPICON_NAME = AppIcon;
				INFOPLIST_FILE = Blog_Reader/Info.plist;
				LD_RUNPATH_SEARCH_PATHS = "$(inherited) @executable_path/Frameworks";
				PRODUCT_BUNDLE_IDENTIFIER = "com.kalikans.Blog-Reader";
				PRODUCT_NAME = "$(TARGET_NAME)";
				SWIFT_VERSION = 3.0;
			};
			name = Debug;
		};
		BA1ED02A1E3DB40500C3DE05 /* Release */ = {
			isa = XCBuildConfiguration;
			buildSettings = {
				ASSETCATALOG_COMPILER_APPICON_NAME = AppIcon;
				INFOPLIST_FILE = Blog_Reader/Info.plist;
				LD_RUNPATH_SEARCH_PATHS = "$(inherited) @executable_path/Frameworks";
				PRODUCT_BUNDLE_IDENTIFIER = "com.kalikans.Blog-Reader";
				PRODUCT_NAME = "$(TARGET_NAME)";
				SWIFT_VERSION = 3.0;
			};
			name = Release;
		};
/* End XCBuildConfiguration section */

/* Begin XCConfigurationList section */
		BA1ED00C1E3DB40400C3DE05 /* Build configuration list for PBXProject "Blog_Reader" */ = {
			isa = XCConfigurationList;
			buildConfigurations = (
				BA1ED0261E3DB40500C3DE05 /* Debug */,
				BA1ED0271E3DB40500C3DE05 /* Release */,
			);
			defaultConfigurationIsVisible = 0;
			defaultConfigurationName = Release;
		};
		BA1ED0281E3DB40500C3DE05 /* Build configuration list for PBXNativeTarget "Blog_Reader" */ = {
			isa = XCConfigurationList;
			buildConfigurations = (
				BA1ED0291E3DB40500C3DE05 /* Debug */,
				BA1ED02A1E3DB40500C3DE05 /* Release */,
			);
			defaultConfigurationIsVisible = 0;
		};
/* End XCConfigurationList section */

/* Begin XCVersionGroup section */
		BA1ED0161E3DB40400C3DE05 /* Blog_Reader.xcdatamodeld */ = {
			isa = XCVersionGroup;
			children = (
				BA1ED0171E3DB40400C3DE05 /* Blog_Reader.xcdatamodel */,
			);
			currentVersion = BA1ED0171E3DB40400C3DE05 /* Blog_Reader.xcdatamodel */;
			path = Blog_Reader.xcdatamodeld;
			sourceTree = "<group>";
			versionGroupType = wrapper.xcdatamodel;
		};
/* End XCVersionGroup section */
	};
	rootObject = BA1ED0091E3DB40400C3DE05 /* Project object */;
}
